{
  "nodes": {
    "brew-src": {
      "flake": false,
      "locked": {
        "lastModified": 1784068757,
        "narHash": "sha256-7KnV7rTlMpys+2J+TFVxUDDyKPLXFs4wIMtckMC72VM=",
        "owner": "Homebrew",
        "repo": "brew",
        "rev": "6bd951d96e7ebc54787799dba77bfb26ec956c4c",
        "type": "github"
      },
      "original": {
        "owner": "Homebrew",
        "ref": "6.0.11",
        "repo": "brew",
        "type": "github"
      }
    },
    "flake-utils": {
      "inputs": {
        "systems": "systems"
      },
      "locked": {
        "lastModified": 1731533236,
        "narHash": "sha256-l0KFg5HjrsfsO/JpG+r7fRrqm12kzFHyUHqHCVpMMbI=",
        "owner": "numtide",
        "repo": "flake-utils",
        "rev": "11707dc2f618dd54ca8739b309ec4fc024de578b",
        "type": "github"
      },
      "original": {
        "owner": "numtide",
        "repo": "flake-utils",
        "type": "github"
      }
    },
    "homebrew-bundle": {
      "flake": false,
      "locked": {
        "lastModified": 1745335228,
        "narHash": "sha256-TIKR2UgtyUmHLNZp255/vLs+1I10hXe+sciMEbAGFwE=",
        "owner": "homebrew",
        "repo": "homebrew-bundle",
        "rev": "a3265c84b232e13048ecbf6fc18a2eedfadbeb08",
        "type": "github"
      },
      "original": {
        "owner": "homebrew",
        "repo": "homebrew-bundle",
        "type": "github"
      }
    },
    "homebrew-cask": {
      "flake": false,
      "locked": {
        "lastModified": 1784501046,
        "narHash": "sha256-/E4Ppu8IZVynsbyZu+IvF586gJCA5NCSmTXWwAcS0YI=",
        "owner": "homebrew",
        "repo": "homebrew-cask",
        "rev": "a61ec1d1ae76cff8cf10f792b617f5b4f7a49a84",
        "type": "github"
      },
      "original": {
        "owner": "homebrew",
        "repo": "homebrew-cask",
        "type": "github"
      }
    },
    "homebrew-core": {
      "flake": false,
      "locked": {
        "lastModified": 1784529403,
        "narHash": "sha256-PKlIQsaXklBhe9SuFtMmg3kLyCs2qDIv9HnBWz04UQc=",
        "owner": "homebrew",
        "repo": "homebrew-core",
        "rev": "db5f562346ffe90070e7357a3eb7f1e1303f1e92",
        "type": "github"
      },
      "original": {
        "owner": "homebrew",
        "repo": "homebrew-core",
        "type": "github"
      }
    },
    "nix-darwin": {
      "inputs": {
        "nixpkgs": [
          "nixpkgs"
        ]
      },
      "locked": {
        "lastModified": 1784500460,
        "narHash": "sha256-UvORnAxTRHax7RG74W8Z2t4GvIkX6AjJ5kk0QlwZomo=",
        "owner": "nix-darwin",
        "repo": "nix-darwin",
        "rev": "57a3171f94705599a2499248ca5758d5eb47c0e0",
        "type": "github"
      },
      "original": {
        "owner": "nix-darwin",
        "ref": "master",
        "repo": "nix-darwin",
        "type": "github"
      }
    },
    "nix-homebrew": {
      "inputs": {
        "brew-src": "brew-src"
      },
      "locked": {
        "lastModified": 1784159664,
        "narHash": "sha256-I/B6YoRLImHEqNWh8bs+tPjEDeteACeFhcLyoSMo1GE=",
        "owner": "zhaofengli-wip",
        "repo": "nix-homebrew",
        "rev": "842eeb863ecca0eeb463f7a814cdc51e1d925776",
        "type": "github"
      },
      "original": {
        "owner": "zhaofengli-wip",
        "repo": "nix-homebrew",
        "type": "github"
      }
    },
    "nixpkgs": {
      "locked": {
        "lastModified": 1784453100,
        "narHash": "sha256-zpGZb8FYui+i8KLtC0nlcmb0voR2zB80Qn8pe7lzIbk=",
        "owner": "NixOS",
        "repo": "nixpkgs",
        "rev": "b471514bed69eff5255c8e63c1f80e5fe56c616f",
        "type": "github"
      },
      "original": {
        "owner": "NixOS",
        "ref": "nixpkgs-unstable",
        "repo": "nixpkgs",
        "type": "github"
      }
    },
    "root": {
      "inputs": {
        "flake-utils": "flake-utils",
        "homebrew-bundle": "homebrew-bundle",
        "homebrew-cask": "homebrew-cask",
        "homebrew-core": "homebrew-core",
        "nix-darwin": "nix-darwin",
        "nix-homebrew": "nix-homebrew",
        "nixpkgs": "nixpkgs"
      }
    },
    "systems": {
      "locked": {
        "lastModified": 1681028828,
        "narHash": "sha256-Vy1rq5AaRuLzOxct8nz4T6wlgyUR7zLU309k9mBC768=",
        "owner": "nix-systems",
        "repo": "default",
        "rev": "da67096a3b9bf56a91d16901293e51ba5b49a27e",
        "type": "github"
      },
      "original": {
        "owner": "nix-systems",
        "repo": "default",
        "type": "github"
      }
    }
  },
  "root": "root",
  "version": 7
}
