github.com/davecgh/go-spew v1.1.0 h1:ZDRjVQ15GmhC3fiQ8ni8+OwkZQO4DARzQgrnXU1Liz8=
github.com/magefile/mage v1.14.0 h1:6QDX3g6z1YvJ4olPhT1wksUcSa/V0a1B+pJb73fBjyo=
github.com/magefile/mage v1.14.0/go.mod h1:z5UZb/iS3GoOSn0JgWuiw7dxlurVYTu+/jHXqQg881A=
github.com/pmezard/go-difflib v1.0.0 h1:4DBwDE0NGyQoBHbLQYPwSUPoCMWR5BEzIk/f1lZbAQM=
github.com/scottames/cmder v0.1.1 h1:TAAekeeWw+uM1ZFQi+TmtqAPQxR/hvQAw3+iOutnYZ8=
github.com/scottames/cmder v0.1.1/go.mod h1:mBPkznUdjre9Gf36KYauSbJw8p8Ocz2+xGZ7afg1cKw=
github.com/stretchr/testify v1.7.0 h1:nwc3DEeHmmLAfoZucVR881uASk0Mfjw8xYJ99tb5CcY=
gopkg.in/yaml.v3 v3.0.0-20200313102051-9f266ea9e77c h1:dUUwHk2QECo/6vqA44rthZ8ie2QXMNeKRTHCNY2nXvo=
