[[tools."aqua:int128/ghcp"]]
version = "1.15.1"
backend = "aqua:int128/ghcp"
"platforms.linux-arm64" = { checksum = "sha256:801db65a3ea5148c7a89f5201f8992963f2592fc17ed5fd88e4d996bad9542b2", url = "https://github.com/int128/ghcp/releases/download/v1.15.1/ghcp_linux_arm64.zip"}
"platforms.linux-x64" = { checksum = "sha256:c5ba74d0b2652a4375c4ae653b7c065024a619adcff40dedbfdd10d40e287d3d", url = "https://github.com/int128/ghcp/releases/download/v1.15.1/ghcp_linux_amd64.zip"}
"platforms.macos-arm64" = { checksum = "sha256:5a923e288ce67b454cd1c7d5118ebf4028e9f1905df3b1105ae8d05a1fe23a6e", url = "https://github.com/int128/ghcp/releases/download/v1.15.1/ghcp_darwin_arm64.zip"}
"platforms.macos-x64" = { checksum = "sha256:9fb8839ee08bc0d98973970f3fef88322e49e8486ac3bd80dce57dcea97035e2", url = "https://github.com/int128/ghcp/releases/download/v1.15.1/ghcp_darwin_amd64.zip"}
"platforms.windows-x64" = { checksum = "sha256:a7673944cefaa9955a3fefa5ddf5b03c4ccec2f7e5f0d14d2707804af88ba22b", url = "https://github.com/int128/ghcp/releases/download/v1.15.1/ghcp_windows_amd64.zip"}

[[tools."aqua:mfontanini/presenterm"]]
version = "0.15.1"
backend = "aqua:mfontanini/presenterm"
"platforms.linux-arm64" = { checksum = "sha256:e0779787fbca80e9ab9d149f2f39d1596dde1285bea4b48fa9afb5d7c5011400", url = "https://github.com/mfontanini/presenterm/releases/download/v0.15.1/presenterm-0.15.1-aarch64-unknown-linux-musl.tar.gz"}
"platforms.linux-x64" = { checksum = "sha256:80592edbf16e8180394d4d100274ce45443d78fc450a72b2bd72cba2317d99be", url = "https://github.com/mfontanini/presenterm/releases/download/v0.15.1/presenterm-0.15.1-x86_64-unknown-linux-musl.tar.gz"}
"platforms.macos-arm64" = { checksum = "sha256:f070c1dfb22e3ff33fc5ec6cf47c067f01bca08e718543872fd995233bc108c0", url = "https://github.com/mfontanini/presenterm/releases/download/v0.15.1/presenterm-0.15.1-aarch64-apple-darwin.tar.gz"}
"platforms.macos-x64" = { checksum = "sha256:3aa0b9d28f6eed08ccaf58860ecb1bd5352f9b797afee95e4c9057a4772c21bc", url = "https://github.com/mfontanini/presenterm/releases/download/v0.15.1/presenterm-0.15.1-x86_64-apple-darwin.tar.gz"}
"platforms.windows-x64" = { checksum = "sha256:f3fce09d056b628a21ee15aadbfb395c0575b8744186708d3bddcccc82e1d831", url = "https://github.com/mfontanini/presenterm/releases/download/v0.15.1/presenterm-0.15.1-x86_64-pc-windows-msvc.zip"}

[[tools.go]]
version = "1.25.7"
backend = "core:go"
"platforms.linux-arm64" = { checksum = "sha256:ba611a53534135a81067240eff9508cd7e256c560edd5d8c2fef54f083c07129", url = "https://dl.google.com/go/go1.25.7.linux-arm64.tar.gz"}
"platforms.linux-x64" = { checksum = "sha256:12e6d6a191091ae27dc31f6efc630e3a3b8ba409baf3573d955b196fdf086005", url = "https://dl.google.com/go/go1.25.7.linux-amd64.tar.gz"}
"platforms.macos-arm64" = { checksum = "sha256:ff18369ffad05c57d5bed888b660b31385f3c913670a83ef557cdfd98ea9ae1b", url = "https://dl.google.com/go/go1.25.7.darwin-arm64.tar.gz"}
"platforms.macos-x64" = { checksum = "sha256:bf5050a2152f4053837b886e8d9640c829dbacbc3370f913351eb0904cb706f5", url = "https://dl.google.com/go/go1.25.7.darwin-amd64.tar.gz"}
"platforms.windows-x64" = { checksum = "sha256:c75e5f4ff62d085cc0017be3ad19d5536f46825fa05db06ec468941f847e3228", url = "https://dl.google.com/go/go1.25.7.windows-amd64.zip"}

[[tools.node]]
version = "24.13.0"
backend = "core:node"
"platforms.linux-arm64" = { checksum = "sha256:0f6d40b94c6a2eb6b4c240ffc8b9fd3ada7ab044c177dd413c06e1ef9a63f081", url = "https://nodejs.org/dist/v24.13.0/node-v24.13.0-linux-arm64.tar.gz"}
"platforms.linux-x64" = { checksum = "sha256:6223aad1a81f9d1e7b682c59d12e2de233f7b4c37475cd40d1c89c42b737ffa8", url = "https://nodejs.org/dist/v24.13.0/node-v24.13.0-linux-x64.tar.gz"}
"platforms.macos-arm64" = { checksum = "sha256:d595961e563fcae057d4a0fb992f175a54d97fcc4a14dc2d474d92ddeea3b9f8", url = "https://nodejs.org/dist/v24.13.0/node-v24.13.0-darwin-arm64.tar.gz"}
"platforms.macos-x64" = { checksum = "sha256:6f03c1b48ddbe1b129a6f8038be08e0899f05f17185b4d3e4350180ab669a7f3", url = "https://nodejs.org/dist/v24.13.0/node-v24.13.0-darwin-x64.tar.gz"}
"platforms.windows-x64" = { checksum = "sha256:ca2742695be8de44027d71b3f53a4bdb36009b95575fe1ae6f7f0b5ce091cb88", url = "https://nodejs.org/dist/v24.13.0/node-v24.13.0-win-x64.zip"}

[[tools."npm:@fission-ai/openspec"]]
version = "1.1.1"
backend = "npm:@fission-ai/openspec"

[[tools."npm:@google/gemini-cli"]]
version = "0.27.2"
backend = "npm:@google/gemini-cli"

[[tools."npm:ccusage"]]
version = "18.0.5"
backend = "npm:ccusage"

[[tools."npm:opkg"]]
version = "0.8.3"
backend = "npm:opkg"

[[tools."pipx:aws-finops-dashboard"]]
version = "2.3.0"
backend = "pipx:aws-finops-dashboard"

[[tools.rust]]
version = "1.93.0"
backend = "core:rust"
