# @generated - this file is auto-generated by `mise lock` https://mise.jdx.dev/dev-tools/mise-lock.html

[[tools."aqua:int128/ghcp"]]
version = "1.15.2"
backend = "aqua:int128/ghcp"

[tools."aqua:int128/ghcp"."platforms.linux-arm64"]
checksum = "sha256:5b0a4ffdbaa27ffe4cbaf13c3c4b6ac3eab25d447947fae114f89d1ee4ebf734"
url = "https://github.com/int128/ghcp/releases/download/v1.15.2/ghcp_linux_arm64.zip"

[tools."aqua:int128/ghcp"."platforms.linux-arm64-musl"]
checksum = "sha256:5b0a4ffdbaa27ffe4cbaf13c3c4b6ac3eab25d447947fae114f89d1ee4ebf734"
url = "https://github.com/int128/ghcp/releases/download/v1.15.2/ghcp_linux_arm64.zip"

[tools."aqua:int128/ghcp"."platforms.linux-x64"]
checksum = "sha256:a1e13fb5fec92913e67984d88db6d4c39473cca3a6b9927621e410ee431f3532"
url = "https://github.com/int128/ghcp/releases/download/v1.15.2/ghcp_linux_amd64.zip"

[tools."aqua:int128/ghcp"."platforms.linux-x64-musl"]
checksum = "sha256:a1e13fb5fec92913e67984d88db6d4c39473cca3a6b9927621e410ee431f3532"
url = "https://github.com/int128/ghcp/releases/download/v1.15.2/ghcp_linux_amd64.zip"

[tools."aqua:int128/ghcp"."platforms.macos-arm64"]
checksum = "sha256:e292732ba0b6d3ef2a19fef0062ec72dc3e3e758568babfe07d27f65d90348b1"
url = "https://github.com/int128/ghcp/releases/download/v1.15.2/ghcp_darwin_arm64.zip"

[tools."aqua:int128/ghcp"."platforms.macos-x64"]
checksum = "sha256:37aac4b1d7e451abaa6d49b87608d9010ef3b1cd56e310a0a6895ce433292dbb"
url = "https://github.com/int128/ghcp/releases/download/v1.15.2/ghcp_darwin_amd64.zip"

[tools."aqua:int128/ghcp"."platforms.windows-x64"]
checksum = "sha256:2e513207f22897e03b54a119aceccfe623dbcc25c0dccbdcbb15a3247616cbb7"
url = "https://github.com/int128/ghcp/releases/download/v1.15.2/ghcp_windows_amd64.zip"

[[tools."aqua:mfontanini/presenterm"]]
version = "0.16.1"
backend = "aqua:mfontanini/presenterm"

[tools."aqua:mfontanini/presenterm"."platforms.linux-arm64"]
checksum = "sha256:c03c3744609d61587aac9dda4f431912748bd70d88d4fa6c0440b079001c64c3"
url = "https://github.com/mfontanini/presenterm/releases/download/v0.16.1/presenterm-0.16.1-aarch64-unknown-linux-musl.tar.gz"

[tools."aqua:mfontanini/presenterm"."platforms.linux-arm64-musl"]
checksum = "sha256:c03c3744609d61587aac9dda4f431912748bd70d88d4fa6c0440b079001c64c3"
url = "https://github.com/mfontanini/presenterm/releases/download/v0.16.1/presenterm-0.16.1-aarch64-unknown-linux-musl.tar.gz"

[tools."aqua:mfontanini/presenterm"."platforms.linux-x64"]
checksum = "sha256:87512d7c88c3d961c7687aca3519f83c2b7611a550cf769c67c6f7948e8b8f54"
url = "https://github.com/mfontanini/presenterm/releases/download/v0.16.1/presenterm-0.16.1-x86_64-unknown-linux-musl.tar.gz"

[tools."aqua:mfontanini/presenterm"."platforms.linux-x64-musl"]
checksum = "sha256:87512d7c88c3d961c7687aca3519f83c2b7611a550cf769c67c6f7948e8b8f54"
url = "https://github.com/mfontanini/presenterm/releases/download/v0.16.1/presenterm-0.16.1-x86_64-unknown-linux-musl.tar.gz"

[tools."aqua:mfontanini/presenterm"."platforms.macos-arm64"]
checksum = "sha256:56f8b25c24f9c37b06ac4b3004a2c70a2c03d81ddf7a8aa8766ae8997eeb4573"
url = "https://github.com/mfontanini/presenterm/releases/download/v0.16.1/presenterm-0.16.1-aarch64-apple-darwin.tar.gz"

[tools."aqua:mfontanini/presenterm"."platforms.macos-x64"]
checksum = "sha256:7f923d83349654c560e64dc6d0a4b6ab31d885e8f07e1732d0f60fc9f606e895"
url = "https://github.com/mfontanini/presenterm/releases/download/v0.16.1/presenterm-0.16.1-x86_64-apple-darwin.tar.gz"

[tools."aqua:mfontanini/presenterm"."platforms.windows-x64"]
checksum = "sha256:301bc9111db499cb79fb305048b1aad56d3fe91b2c713396fed60ec0c1d2c90c"
url = "https://github.com/mfontanini/presenterm/releases/download/v0.16.1/presenterm-0.16.1-x86_64-pc-windows-msvc.zip"

[[tools.bun]]
version = "1.3.11"
backend = "core:bun"

[tools.bun."platforms.linux-arm64"]
checksum = "sha256:d13944da12a53ecc74bf6a720bd1d04c4555c038dfe422365356a7be47691fdf"
url = "https://github.com/oven-sh/bun/releases/download/bun-v1.3.11/bun-linux-aarch64.zip"

[tools.bun."platforms.linux-arm64-musl"]
checksum = "sha256:0f5bf5dc3f276053196274bb84f90a44e2fa40c9432bd6757e3247a8d9476a3d"
url = "https://github.com/oven-sh/bun/releases/download/bun-v1.3.11/bun-linux-aarch64-musl.zip"

[tools.bun."platforms.linux-x64"]
checksum = "sha256:8611ba935af886f05a6f38740a15160326c15e5d5d07adef966130b4493607ed"
url = "https://github.com/oven-sh/bun/releases/download/bun-v1.3.11/bun-linux-x64.zip"

[tools.bun."platforms.linux-x64-baseline"]
checksum = "sha256:abe346f63414547cdf6b35b7a649a490c728b93d006226156923918a84c0e59b"
url = "https://github.com/oven-sh/bun/releases/download/bun-v1.3.11/bun-linux-x64-baseline.zip"

[tools.bun."platforms.linux-x64-musl"]
checksum = "sha256:b0fce3bc4fab52f26a1e0d8886dc07fd0c0eb2a274cb343b59c83a2d5997b5b1"
url = "https://github.com/oven-sh/bun/releases/download/bun-v1.3.11/bun-linux-x64-musl.zip"

[tools.bun."platforms.linux-x64-musl-baseline"]
checksum = "sha256:2fa2b697f14ada86a28df771d3876ca7606d7453b2339454893b1937aa9c0c7e"
url = "https://github.com/oven-sh/bun/releases/download/bun-v1.3.11/bun-linux-x64-musl-baseline.zip"

[tools.bun."platforms.macos-arm64"]
checksum = "sha256:6f5a3467ed9caec4795bf78cd476507d9f870c7d57b86c945fcb338126772ffc"
url = "https://github.com/oven-sh/bun/releases/download/bun-v1.3.11/bun-darwin-aarch64.zip"

[tools.bun."platforms.macos-x64"]
checksum = "sha256:c4fe2b9247218b0295f24e895aaec8fee62e74452679a9026b67eacbd611a286"
url = "https://github.com/oven-sh/bun/releases/download/bun-v1.3.11/bun-darwin-x64.zip"

[tools.bun."platforms.macos-x64-baseline"]
checksum = "sha256:fb6739b08bf54550edaa7c824cd5b2dca45b6a06afef408443087a63105f6f8d"
url = "https://github.com/oven-sh/bun/releases/download/bun-v1.3.11/bun-darwin-x64-baseline.zip"

[tools.bun."platforms.windows-x64"]
checksum = "sha256:066f8694f8b7d8df592452746d18f01710d4053e93030922dbc6e8c34a8c4b9f"
url = "https://github.com/oven-sh/bun/releases/download/bun-v1.3.11/bun-windows-x64.zip"

[tools.bun."platforms.windows-x64-baseline"]
checksum = "sha256:9d0e0f923e9626f3bc6044fc32e0d3ab29039aea753f5678ef8801cf26f75288"
url = "https://github.com/oven-sh/bun/releases/download/bun-v1.3.11/bun-windows-x64-baseline.zip"

[[tools.go]]
version = "1.26.1"
backend = "core:go"

[tools.go."platforms.linux-arm64"]
checksum = "sha256:a290581cfe4fe28ddd737dde3095f3dbeb7f2e4065cab4eae44dfc53b760c2f7"
url = "https://dl.google.com/go/go1.26.1.linux-arm64.tar.gz"

[tools.go."platforms.linux-arm64-musl"]
checksum = "sha256:a290581cfe4fe28ddd737dde3095f3dbeb7f2e4065cab4eae44dfc53b760c2f7"
url = "https://dl.google.com/go/go1.26.1.linux-arm64.tar.gz"

[tools.go."platforms.linux-x64"]
checksum = "sha256:031f088e5d955bab8657ede27ad4e3bc5b7c1ba281f05f245bcc304f327c987a"
url = "https://dl.google.com/go/go1.26.1.linux-amd64.tar.gz"

[tools.go."platforms.linux-x64-musl"]
checksum = "sha256:031f088e5d955bab8657ede27ad4e3bc5b7c1ba281f05f245bcc304f327c987a"
url = "https://dl.google.com/go/go1.26.1.linux-amd64.tar.gz"

[tools.go."platforms.macos-arm64"]
checksum = "sha256:353df43a7811ce284c8938b5f3c7df40b7bfb6f56cb165b150bc40b5e2dd541f"
url = "https://dl.google.com/go/go1.26.1.darwin-arm64.tar.gz"

[tools.go."platforms.macos-x64"]
checksum = "sha256:65773dab2f8cc4cd23d93ba6d0a805de150ca0b78378879292be0b903b8cdd08"
url = "https://dl.google.com/go/go1.26.1.darwin-amd64.tar.gz"

[tools.go."platforms.windows-x64"]
checksum = "sha256:9b68112c913f45b7aebbf13c036721264bbba7e03a642f8f7490c561eebd1ecc"
url = "https://dl.google.com/go/go1.26.1.windows-amd64.zip"

[[tools.node]]
version = "24.14.1"
backend = "core:node"

[tools.node."platforms.linux-arm64"]
checksum = "sha256:734ff04fa7f8ed2e8a78d40cacf5ac3fc4515dac2858757cbab313eb483ba8a2"
url = "https://nodejs.org/dist/v24.14.1/node-v24.14.1-linux-arm64.tar.gz"

[tools.node."platforms.linux-arm64-musl"]
checksum = "sha256:734ff04fa7f8ed2e8a78d40cacf5ac3fc4515dac2858757cbab313eb483ba8a2"
url = "https://nodejs.org/dist/v24.14.1/node-v24.14.1-linux-arm64.tar.gz"

[tools.node."platforms.linux-x64"]
checksum = "sha256:ace9fa104992ed0829642629c46ca7bd7fd6e76278cb96c958c4b387d29658ea"
url = "https://nodejs.org/dist/v24.14.1/node-v24.14.1-linux-x64.tar.gz"

[tools.node."platforms.linux-x64-musl"]
checksum = "sha256:ace9fa104992ed0829642629c46ca7bd7fd6e76278cb96c958c4b387d29658ea"
url = "https://nodejs.org/dist/v24.14.1/node-v24.14.1-linux-x64.tar.gz"

[tools.node."platforms.macos-arm64"]
checksum = "sha256:25495ff85bd89e2d8a24d88566d7e2f827c6b0d3d872b2cebf75371f93fcb1fe"
url = "https://nodejs.org/dist/v24.14.1/node-v24.14.1-darwin-arm64.tar.gz"

[tools.node."platforms.macos-x64"]
checksum = "sha256:2526230ad7d922be82d4fdb1e7ee1e84303e133e3b4b0ec4c2897ab31de0253d"
url = "https://nodejs.org/dist/v24.14.1/node-v24.14.1-darwin-x64.tar.gz"

[tools.node."platforms.windows-x64"]
checksum = "sha256:6e50ce5498c0cebc20fd39ab3ff5df836ed2f8a31aa093cecad8497cff126d70"
url = "https://nodejs.org/dist/v24.14.1/node-v24.14.1-win-x64.zip"

[[tools."npm:@commitlint/cli"]]
version = "20.5.0"
backend = "npm:@commitlint/cli"

[[tools."npm:@fission-ai/openspec"]]
version = "1.2.0"
backend = "npm:@fission-ai/openspec"

[[tools."npm:@fsouza/prettierd"]]
version = "0.27.0"
backend = "npm:@fsouza/prettierd"

[[tools."npm:@google/gemini-cli"]]
version = "0.36.0"
backend = "npm:@google/gemini-cli"

[[tools."npm:bash-language-server"]]
version = "5.6.0"
backend = "npm:bash-language-server"

[[tools."npm:ccusage"]]
version = "18.0.10"
backend = "npm:ccusage"

[[tools."npm:cspell"]]
version = "9.7.0"
backend = "npm:cspell"

[[tools."npm:dockerfile-language-server-nodejs"]]
version = "0.15.0"
backend = "npm:dockerfile-language-server-nodejs"

[[tools."npm:jsonlint"]]
version = "1.6.3"
backend = "npm:jsonlint"

[[tools."npm:markdown-toc"]]
version = "1.2.0"
backend = "npm:markdown-toc"

[[tools."npm:markdownlint-cli"]]
version = "0.48.0"
backend = "npm:markdownlint-cli"

[[tools."npm:opkg"]]
version = "0.11.0"
backend = "npm:opkg"

[[tools."npm:prettier"]]
version = "3.8.1"
backend = "npm:prettier"

[[tools."npm:pyright"]]
version = "1.1.408"
backend = "npm:pyright"

[[tools."npm:sql-formatter"]]
version = "15.7.3"
backend = "npm:sql-formatter"

[[tools."npm:sql-language-server"]]
version = "1.7.1"
backend = "npm:sql-language-server"

[[tools."npm:stylelint"]]
version = "17.6.0"
backend = "npm:stylelint"

[[tools."npm:textlint"]]
version = "15.5.2"
backend = "npm:textlint"

[[tools."pipx:ansible-lint"]]
version = "26.4.0"
backend = "pipx:ansible-lint"

[[tools."pipx:beautysh"]]
version = "6.4.3"
backend = "pipx:beautysh"

[[tools."pipx:gitlint-core"]]
version = "0.19.1"
backend = "pipx:gitlint-core"

[[tools."pipx:isort"]]
version = "8.0.1"
backend = "pipx:isort"

[[tools."pipx:mypy"]]
version = "1.20.0"
backend = "pipx:mypy"

[[tools."pipx:pyproject-flake8"]]
version = "7.0.0"
backend = "pipx:pyproject-flake8"

[[tools."pipx:ruff-lsp"]]
version = "0.0.62"
backend = "pipx:ruff-lsp"

[[tools."pipx:semgrep"]]
version = "1.157.0"
backend = "pipx:semgrep"

[[tools."pipx:sqlfluff"]]
version = "4.1.0"
backend = "pipx:sqlfluff"

[[tools."pipx:yamllint"]]
version = "1.38.0"
backend = "pipx:yamllint"

[[tools.rust]]
version = "1.94.1"
backend = "core:rust"
