{
  "name": "pi-extensions",
  "lockfileVersion": 3,
  "requires": true,
  "packages": {
    "": {
      "name": "pi-extensions",
      "dependencies": {
        "@narumitw/pi-statusline": "0.16.0",
        "@tintinweb/pi-subagents": "0.14.2",
        "pi-ask-user": "0.13.0"
      }
    },
    "node_modules/@narumitw/pi-statusline": {
      "version": "0.16.0",
      "resolved": "https://registry.npmjs.org/@narumitw/pi-statusline/-/pi-statusline-0.16.0.tgz",
      "integrity": "sha512-7Dqg8ll+eSS5QPjWfc3SXEO8Hknj7kuimMYKfvapUOUua48jcTS1EY/cMBYfw0fzyFwXNpN+ra5lzNJwNOKR0w==",
      "license": "MIT"
    },
    "node_modules/@sinclair/typebox": {
      "version": "0.34.52",
      "resolved": "https://registry.npmjs.org/@sinclair/typebox/-/typebox-0.34.52.tgz",
      "integrity": "sha512-XiMQh7qqVlxZzcVD+kkGMNGMzcTrDMLWI7S4x7z1MkCkbDPrekpZXEUK0eZqZFMuHQg2a2DZOcDIh9o5v3Gonw==",
      "license": "MIT"
    },
    "node_modules/@tintinweb/pi-subagents": {
      "version": "0.14.2",
      "resolved": "https://registry.npmjs.org/@tintinweb/pi-subagents/-/pi-subagents-0.14.2.tgz",
      "integrity": "sha512-CV0FVE2uB+r3it45t9YJPgkB5mgwa4J65gfVCJOVpTzgVHR6mbDzRjeyMFmJufhBwICKO1YC4Cfq6FHNipNrVw==",
      "license": "MIT",
      "dependencies": {
        "@sinclair/typebox": "^0.34.49",
        "croner": "^10.0.1",
        "nanoid": "^5.0.0"
      },
      "peerDependencies": {
        "@earendil-works/pi-ai": ">=0.80.0",
        "@earendil-works/pi-coding-agent": ">=0.80.0",
        "@earendil-works/pi-tui": ">=0.80.0"
      }
    },
    "node_modules/croner": {
      "version": "10.0.1",
      "resolved": "https://registry.npmjs.org/croner/-/croner-10.0.1.tgz",
      "integrity": "sha512-ixNtAJndqh173VQ4KodSdJEI6nuioBWI0V1ITNKhZZsO0pEMoDxz539T4FTTbSZ/xIOSuDnzxLVRqBVSvPNE2g==",
      "funding": [
        {
          "type": "other",
          "url": "https://paypal.me/hexagonpp"
        },
        {
          "type": "github",
          "url": "https://github.com/sponsors/hexagon"
        }
      ],
      "license": "MIT",
      "engines": {
        "node": ">=18.0"
      }
    },
    "node_modules/nanoid": {
      "version": "5.1.16",
      "resolved": "https://registry.npmjs.org/nanoid/-/nanoid-5.1.16.tgz",
      "integrity": "sha512-kVrnsrJqMR8+oLJnGEmSWw9BivK5mt7H3FZatVRjrc5wGqFYuBxX1yG7+A7Gi5AefkX6t/oCkizcQgpu0cY1dQ==",
      "funding": [
        {
          "type": "github",
          "url": "https://github.com/sponsors/ai"
        }
      ],
      "license": "MIT",
      "bin": {
        "nanoid": "bin/nanoid.js"
      },
      "engines": {
        "node": "^18 || >=20"
      }
    },
    "node_modules/pi-ask-user": {
      "version": "0.13.0",
      "resolved": "https://registry.npmjs.org/pi-ask-user/-/pi-ask-user-0.13.0.tgz",
      "integrity": "sha512-A8IpRX240T4EJryp1n/O/FVUXl/EGQpngq075hL4xerLUoejic/gIIwBz79lQEKwNE5/ZY5BPtgqQPv7Jx5Zzg==",
      "license": "MIT",
      "peerDependencies": {
        "@earendil-works/pi-coding-agent": ">=0.74.0",
        "@earendil-works/pi-tui": ">=0.74.0",
        "@sinclair/typebox": "*"
      }
    }
  }
}
