{
  "name": "pi-extensions",
  "lockfileVersion": 3,
  "requires": true,
  "packages": {
    "": {
      "name": "pi-extensions",
      "dependencies": {
        "@narumitw/pi-statusline": "0.16.0",
        "pi-ask-user": "0.13.0",
        "pi-subagents": "0.34.0"
      }
    },
    "node_modules/@earendil-works/pi-tui": {
      "version": "0.74.0",
      "resolved": "https://registry.npmjs.org/@earendil-works/pi-tui/-/pi-tui-0.74.0.tgz",
      "integrity": "sha512-1aIfXZp7D/z+1VlZX8BZcs6pgO8rjmil7kwyhctNDsWvce3Yfl8GVgu4eq+I0Mjhr8Cj+ipBiv9CLIzdoyCOIQ==",
      "license": "MIT",
      "dependencies": {
        "@types/mime-types": "^2.1.4",
        "chalk": "^5.5.0",
        "get-east-asian-width": "^1.3.0",
        "marked": "^15.0.12",
        "mime-types": "^3.0.1"
      },
      "engines": {
        "node": ">=20.0.0"
      },
      "optionalDependencies": {
        "koffi": "^2.9.0"
      }
    },
    "node_modules/@narumitw/pi-statusline": {
      "version": "0.16.0",
      "resolved": "https://registry.npmjs.org/@narumitw/pi-statusline/-/pi-statusline-0.16.0.tgz",
      "integrity": "sha512-7Dqg8ll+eSS5QPjWfc3SXEO8Hknj7kuimMYKfvapUOUua48jcTS1EY/cMBYfw0fzyFwXNpN+ra5lzNJwNOKR0w==",
      "license": "MIT"
    },
    "node_modules/@types/mime-types": {
      "version": "2.1.4",
      "resolved": "https://registry.npmjs.org/@types/mime-types/-/mime-types-2.1.4.tgz",
      "integrity": "sha512-lfU4b34HOri+kAY5UheuFMWPDOI+OPceBSHZKp69gEyTL/mmJ4cnU6Y/rlme3UL3GyOn6Y42hyIEw0/q8sWx5w==",
      "license": "MIT"
    },
    "node_modules/chalk": {
      "version": "5.6.2",
      "resolved": "https://registry.npmjs.org/chalk/-/chalk-5.6.2.tgz",
      "integrity": "sha512-7NzBL0rN6fMUW+f7A6Io4h40qQlG+xGmtMxfbnH/K7TAtt8JQWVQK+6g0UXKMeVJoyV5EkkNsErQ8pVD3bLHbA==",
      "license": "MIT",
      "engines": {
        "node": "^12.17.0 || ^14.13 || >=16.0.0"
      }
    },
    "node_modules/get-east-asian-width": {
      "version": "1.6.0",
      "resolved": "https://registry.npmjs.org/get-east-asian-width/-/get-east-asian-width-1.6.0.tgz",
      "integrity": "sha512-QRbvDIbx6YklUe6RxeTeleMR0yv3cYH6PsPZHcnVn7xv7zO1BHN8r0XETu8n6Ye3Q+ahtSarc3WgtNWmehIBfA==",
      "license": "MIT",
      "engines": {
        "node": ">=18"
      }
    },
    "node_modules/jiti": {
      "version": "2.7.0",
      "resolved": "https://registry.npmjs.org/jiti/-/jiti-2.7.0.tgz",
      "integrity": "sha512-AC/7JofJvZGrrneWNaEnJeOLUx+JlGt7tNa0wZiRPT4MY1wmfKjt2+6O2p2uz2+skll8OZZmJMNqeke7kKbNgQ==",
      "license": "MIT",
      "bin": {
        "jiti": "lib/jiti-cli.mjs"
      }
    },
    "node_modules/koffi": {
      "version": "2.16.2",
      "resolved": "https://registry.npmjs.org/koffi/-/koffi-2.16.2.tgz",
      "integrity": "sha512-owU0MRwv6xkrVqCd+33uw6BaYppkTRXbO/rVdJNI2dvZG0gzyRhYwW25eWtc5pauwK8TGh3AbkFONSezdykfSA==",
      "hasInstallScript": true,
      "license": "MIT",
      "optional": true
    },
    "node_modules/marked": {
      "version": "15.0.12",
      "resolved": "https://registry.npmjs.org/marked/-/marked-15.0.12.tgz",
      "integrity": "sha512-8dD6FusOQSrpv9Z1rdNMdlSgQOIP880DHqnohobOmYLElGEqAL/JvxvuxZO16r4HtjTlfPRDC1hbvxC9dPN2nA==",
      "license": "MIT",
      "bin": {
        "marked": "bin/marked.js"
      }
    },
    "node_modules/mime-db": {
      "version": "1.54.0",
      "resolved": "https://registry.npmjs.org/mime-db/-/mime-db-1.54.0.tgz",
      "integrity": "sha512-aU5EJuIN2WDemCcAp2vFBfp/m4EAhWJnUNSSw0ixs7/kXbd6Pg64EmwJkNdFhB8aWt1sH2CTXrLxo/iAGV3oPQ==",
      "license": "MIT"
    },
    "node_modules/mime-types": {
      "version": "3.0.2",
      "resolved": "https://registry.npmjs.org/mime-types/-/mime-types-3.0.2.tgz",
      "integrity": "sha512-Lbgzdk0h4juoQ9fCKXW4by0UJqj+nOOrI9MJ1sSj4nI8aI2eo1qmvQEie4VD1glsS250n15LsWsYtCugiStS5A==",
      "license": "MIT",
      "dependencies": {
        "mime-db": "^1.54.0"
      }
    },
    "node_modules/pi-ask-user": {
      "version": "0.13.0",
      "resolved": "https://registry.npmjs.org/pi-ask-user/-/pi-ask-user-0.13.0.tgz",
      "integrity": "sha512-A8IpRX240T4EJryp1n/O/FVUXl/EGQpngq075hL4xerLUoejic/gIIwBz79lQEKwNE5/ZY5BPtgqQPv7Jx5Zzg==",
      "license": "MIT",
      "peerDependencies": {
        "@earendil-works/pi-coding-agent": ">=0.74.0",
        "@earendil-works/pi-tui": ">=0.74.0",
        "@sinclair/typebox": "*"
      }
    },
    "node_modules/pi-subagents": {
      "version": "0.34.0",
      "resolved": "https://registry.npmjs.org/pi-subagents/-/pi-subagents-0.34.0.tgz",
      "integrity": "sha512-JGgSYaieZ/2QtsW6BwSV1SX6zMz+YpV0JXUjSTtgphpk+z5OOJVJ4D/tWnCxIURXKcgsam+1vQkQgQ5fhrasFA==",
      "license": "MIT",
      "dependencies": {
        "@earendil-works/pi-tui": "0.74.0",
        "jiti": "2.7.0",
        "typebox": "1.1.24"
      },
      "bin": {
        "pi-subagents": "install.mjs"
      },
      "peerDependencies": {
        "@earendil-works/pi-agent-core": "*",
        "@earendil-works/pi-ai": "*",
        "@earendil-works/pi-coding-agent": "*"
      },
      "peerDependenciesMeta": {
        "@earendil-works/pi-agent-core": {
          "optional": true
        },
        "@earendil-works/pi-ai": {
          "optional": true
        },
        "@earendil-works/pi-coding-agent": {
          "optional": true
        }
      }
    },
    "node_modules/typebox": {
      "version": "1.1.24",
      "resolved": "https://registry.npmjs.org/typebox/-/typebox-1.1.24.tgz",
      "integrity": "sha512-IGWOHx9UfqkEl7lNmA5417b80VY1NHNGdD5OgwEojHCKdsX1oj0lmgc6N6qEb0tUYzQBveIoccNwBen3IDIHwg==",
      "license": "MIT"
    }
  }
}
